// !$*UTF8*$!
{
	archiveVersion = 1;
	classes = {
	};
	objectVersion = 46;
	objects = {

/* Begin PBXBuildFile section */
		3F80A2741A1FB610005FD707 /* main.m in Sources */ = {isa = PBXBuildFile; fileRef = 3F80A2731A1FB610005FD707 /* main.m */; };
		3F80A2771A1FB610005FD707 /* AppDelegate.m in Sources */ = {isa = PBXBuildFile; fileRef = 3F80A2761A1FB610005FD707 /* AppDelegate.m */; };
		3F80A27A1A1FB610005FD707 /* ViewController.m in Sources */ = {isa = PBXBuildFile; fileRef = 3F80A2791A1FB610005FD707 /* ViewController.m */; };
		3F80A27D1A1FB610005FD707 /* Main.storyboard in Resources */ = {isa = PBXBuildFile; fileRef = 3F80A27B1A1FB610005FD707 /* Main.storyboard */; };
		3F80A27F1A1FB610005FD707 /* Images.xcassets in Resources */ = {isa = PBXBuildFile; fileRef = 3F80A27E1A1FB610005FD707 /* Images.xcassets */; };
		3F80A2821A1FB610005FD707 /* LaunchScreen.xib in Resources */ = {isa = PBXBuildFile; fileRef = 3F80A2801A1FB610005FD707 /* LaunchScreen.xib */; };
		3F80A28E1A1FB610005FD707 /* NavProjectTests.m in Sources */ = {isa = PBXBuildFile; fileRef = 3F80A28D1A1FB610005FD707 /* NavProjectTests.m */; };
		3F80A29A1A1FB63E005FD707 /* GoogleOpenSource.framework in Frameworks */ = {isa = PBXBuildFile; fileRef = 3F80A2971A1FB63E005FD707 /* GoogleOpenSource.framework */; };
		3F80A29B1A1FB63E005FD707 /* GooglePlus.bundle in Resources */ = {isa = PBXBuildFile; fileRef = 3F80A2981A1FB63E005FD707 /* GooglePlus.bundle */; };
		3F80A29C1A1FB63E005FD707 /* GooglePlus.framework in Frameworks */ = {isa = PBXBuildFile; fileRef = 3F80A2991A1FB63E005FD707 /* GooglePlus.framework */; };
		3F80A29E1A1FB673005FD707 /* AddressBook.framework in Frameworks */ = {isa = PBXBuildFile; fileRef = 3F80A29D1A1FB673005FD707 /* AddressBook.framework */; };
		3F80A2A01A1FB67F005FD707 /* AssetsLibrary.framework in Frameworks */ = {isa = PBXBuildFile; fileRef = 3F80A29F1A1FB67F005FD707 /* AssetsLibrary.framework */; };
		3F80A2A21A1FB684005FD707 /* Foundation.framework in Frameworks */ = {isa = PBXBuildFile; fileRef = 3F80A2A11A1FB684005FD707 /* Foundation.framework */; };
		3F80A2A41A1FB68C005FD707 /* CoreLocation.framework in Frameworks */ = {isa = PBXBuildFile; fileRef = 3F80A2A31A1FB68C005FD707 /* CoreLocation.framework */; };
		3F80A2A61A1FB693005FD707 /* CoreMotion.framework in Frameworks */ = {isa = PBXBuildFile; fileRef = 3F80A2A51A1FB693005FD707 /* CoreMotion.framework */; };
		3F80A2A81A1FB69B005FD707 /* CoreGraphics.framework in Frameworks */ = {isa = PBXBuildFile; fileRef = 3F80A2A71A1FB69B005FD707 /* CoreGraphics.framework */; };
		3F80A2AA1A1FB6A1005FD707 /* CoreText.framework in Frameworks */ = {isa = PBXBuildFile; fileRef = 3F80A2A91A1FB6A1005FD707 /* CoreText.framework */; };
		3F80A2AC1A1FB6A9005FD707 /* MediaPlayer.framework in Frameworks */ = {isa = PBXBuildFile; fileRef = 3F80A2AB1A1FB6A9005FD707 /* MediaPlayer.framework */; };
		3F80A2AE1A1FB6AF005FD707 /* Security.framework in Frameworks */ = {isa = PBXBuildFile; fileRef = 3F80A2AD1A1FB6AF005FD707 /* Security.framework */; };
		3F80A2B01A1FB6B7005FD707 /* SystemConfiguration.framework in Frameworks */ = {isa = PBXBuildFile; fileRef = 3F80A2AF1A1FB6B7005FD707 /* SystemConfiguration.framework */; };
		3F80A2B21A1FB6BD005FD707 /* UIKit.framework in Frameworks */ = {isa = PBXBuildFile; fileRef = 3F80A2B11A1FB6BD005FD707 /* UIKit.framework */; };
		3F80A2B41A1FD4E9005FD707 /* FacebookSDK.framework in Frameworks */ = {isa = PBXBuildFile; fileRef = 3F80A2B31A1FD4E9005FD707 /* FacebookSDK.framework */; };
		3FCEF6FE1A2E6F97009B85BC /* GroceryItem.m in Sources */ = {isa = PBXBuildFile; fileRef = 3FCEF6FD1A2E6F97009B85BC /* GroceryItem.m */; };
		3FCEF7011A2E7AF5009B85BC /* Friend.m in Sources */ = {isa = PBXBuildFile; fileRef = 3FCEF7001A2E7AF5009B85BC /* Friend.m */; };
		3FCEF7041A2E7BB7009B85BC /* GroceryList.m in Sources */ = {isa = PBXBuildFile; fileRef = 3FCEF7031A2E7BB7009B85BC /* GroceryList.m */; };
/* End PBXBuildFile section */

/* Begin PBXContainerItemProxy section */
		3F80A2881A1FB610005FD707 /* PBXContainerItemProxy */ = {
			isa = PBXContainerItemProxy;
			containerPortal = 3F80A2661A1FB610005FD707 /* Project object */;
			proxyType = 1;
			remoteGlobalIDString = 3F80A26D1A1FB610005FD707;
			remoteInfo = NavProject;
		};
/* End PBXContainerItemProxy section */

/* Begin PBXFileReference section */
		3F80A26E1A1FB610005FD707 /* NavProject.app */ = {isa = PBXFileReference; explicitFileType = wrapper.application; includeInIndex = 0; path = NavProject.app; sourceTree = BUILT_PRODUCTS_DIR; };
		3F80A2721A1FB610005FD707 /* Info.plist */ = {isa = PBXFileReference; lastKnownFileType = text.plist.xml; path = Info.plist; sourceTree = "<group>"; };
		3F80A2731A1FB610005FD707 /* main.m */ = {isa = PBXFileReference; lastKnownFileType = sourcecode.c.objc; path = main.m; sourceTree = "<group>"; };
		3F80A2751A1FB610005FD707 /* AppDelegate.h */ = {isa = PBXFileReference; lastKnownFileType = sourcecode.c.h; path = AppDelegate.h; sourceTree = "<group>"; };
		3F80A2761A1FB610005FD707 /* AppDelegate.m */ = {isa = PBXFileReference; lastKnownFileType = sourcecode.c.objc; path = AppDelegate.m; sourceTree = "<group>"; };
		3F80A2781A1FB610005FD707 /* ViewController.h */ = {isa = PBXFileReference; lastKnownFileType = sourcecode.c.h; path = ViewController.h; sourceTree = "<group>"; };
		3F80A2791A1FB610005FD707 /* ViewController.m */ = {isa = PBXFileReference; lastKnownFileType = sourcecode.c.objc; path = ViewController.m; sourceTree = "<group>"; };
		3F80A27C1A1FB610005FD707 /* Base */ = {isa = PBXFileReference; lastKnownFileType = file.storyboard; name = Base; path = Base.lproj/Main.storyboard; sourceTree = "<group>"; };
		3F80A27E1A1FB610005FD707 /* Images.xcassets */ = {isa = PBXFileReference; lastKnownFileType = folder.assetcatalog; path = Images.xcassets; sourceTree = "<group>"; };
		3F80A2811A1FB610005FD707 /* Base */ = {isa = PBXFileReference; lastKnownFileType = file.xib; name = Base; path = Base.lproj/LaunchScreen.xib; sourceTree = "<group>"; };
		3F80A2871A1FB610005FD707 /* NavProjectTests.xctest */ = {isa = PBXFileReference; explicitFileType = wrapper.cfbundle; includeInIndex = 0; path = NavProjectTests.xctest; sourceTree = BUILT_PRODUCTS_DIR; };
		3F80A28C1A1FB610005FD707 /* Info.plist */ = {isa = PBXFileReference; lastKnownFileType = text.plist.xml; path = Info.plist; sourceTree = "<group>"; };
		3F80A28D1A1FB610005FD707 /* NavProjectTests.m */ = {isa = PBXFileReference; lastKnownFileType = sourcecode.c.objc; path = NavProjectTests.m; sourceTree = "<group>"; };
		3F80A2971A1FB63E005FD707 /* GoogleOpenSource.framework */ = {isa = PBXFileReference; lastKnownFileType = wrapper.framework; path = GoogleOpenSource.framework; sourceTree = "<group>"; };
		3F80A2981A1FB63E005FD707 /* GooglePlus.bundle */ = {isa = PBXFileReference; lastKnownFileType = "wrapper.plug-in"; path = GooglePlus.bundle; sourceTree = "<group>"; };
		3F80A2991A1FB63E005FD707 /* GooglePlus.framework */ = {isa = PBXFileReference; lastKnownFileType = wrapper.framework; path = GooglePlus.framework; sourceTree = "<group>"; };
		3F80A29D1A1FB673005FD707 /* AddressBook.framework */ = {isa = PBXFileReference; lastKnownFileType = wrapper.framework; name = AddressBook.framework; path = System/Library/Frameworks/AddressBook.framework; sourceTree = SDKROOT; };
		3F80A29F1A1FB67F005FD707 /* AssetsLibrary.framework */ = {isa = PBXFileReference; lastKnownFileType = wrapper.framework; name = AssetsLibrary.framework; path = System/Library/Frameworks/AssetsLibrary.framework; sourceTree = SDKROOT; };
		3F80A2A11A1FB684005FD707 /* Foundation.framework */ = {isa = PBXFileReference; lastKnownFileType = wrapper.framework; name = Foundation.framework; path = System/Library/Frameworks/Foundation.framework; sourceTree = SDKROOT; };
		3F80A2A31A1FB68C005FD707 /* CoreLocation.framework */ = {isa = PBXFileReference; lastKnownFileType = wrapper.framework; name = CoreLocation.framework; path = System/Library/Frameworks/CoreLocation.framework; sourceTree = SDKROOT; };
		3F80A2A51A1FB693005FD707 /* CoreMotion.framework */ = {isa = PBXFileReference; lastKnownFileType = wrapper.framework; name = CoreMotion.framework; path = System/Library/Frameworks/CoreMotion.framework; sourceTree = SDKROOT; };
		3F80A2A71A1FB69B005FD707 /* CoreGraphics.framework */ = {isa = PBXFileReference; lastKnownFileType = wrapper.framework; name = CoreGraphics.framework; path = System/Library/Frameworks/CoreGraphics.framework; sourceTree = SDKROOT; };
		3F80A2A91A1FB6A1005FD707 /* CoreText.framework */ = {isa = PBXFileReference; lastKnownFileType = wrapper.framework; name = CoreText.framework; path = System/Library/Frameworks/CoreText.framework; sourceTree = SDKROOT; };
		3F80A2AB1A1FB6A9005FD707 /* MediaPlayer.framework */ = {isa = PBXFileReference; lastKnownFileType = wrapper.framework; name = MediaPlayer.framework; path = System/Library/Frameworks/MediaPlayer.framework; sourceTree = SDKROOT; };
		3F80A2AD1A1FB6AF005FD707 /* Security.framework */ = {isa = PBXFileReference; lastKnownFileType = wrapper.framework; name = Security.framework; path = System/Library/Frameworks/Security.framework; sourceTree = SDKROOT; };
		3F80A2AF1A1FB6B7005FD707 /* SystemConfiguration.framework */ = {isa = PBXFileReference; lastKnownFileType = wrapper.framework; name = SystemConfiguration.framework; path = System/Library/Frameworks/SystemConfiguration.framework; sourceTree = SDKROOT; };
		3F80A2B11A1FB6BD005FD707 /* UIKit.framework */ = {isa = PBXFileReference; lastKnownFileType = wrapper.framework; name = UIKit.framework; path = System/Library/Frameworks/UIKit.framework; sourceTree = SDKROOT; };
		3F80A2B31A1FD4E9005FD707 /* FacebookSDK.framework */ = {isa = PBXFileReference; lastKnownFileType = wrapper.framework; path = FacebookSDK.framework; sourceTree = "<group>"; };
		3FCEF6FC1A2E6F97009B85BC /* GroceryItem.h */ = {isa = PBXFileReference; fileEncoding = 4; lastKnownFileType = sourcecode.c.h; path = GroceryItem.h; sourceTree = "<group>"; };
		3FCEF6FD1A2E6F97009B85BC /* GroceryItem.m */ = {isa = PBXFileReference; fileEncoding = 4; lastKnownFileType = sourcecode.c.objc; path = GroceryItem.m; sourceTree = "<group>"; };
		3FCEF6FF1A2E7AF5009B85BC /* Friend.h */ = {isa = PBXFileReference; fileEncoding = 4; lastKnownFileType = sourcecode.c.h; path = Friend.h; sourceTree = "<group>"; };
		3FCEF7001A2E7AF5009B85BC /* Friend.m */ = {isa = PBXFileReference; fileEncoding = 4; lastKnownFileType = sourcecode.c.objc; path = Friend.m; sourceTree = "<group>"; };
		3FCEF7021A2E7BB7009B85BC /* GroceryList.h */ = {isa = PBXFileReference; fileEncoding = 4; lastKnownFileType = sourcecode.c.h; path = GroceryList.h; sourceTree = "<group>"; };
		3FCEF7031A2E7BB7009B85BC /* GroceryList.m */ = {isa = PBXFileReference; fileEncoding = 4; lastKnownFileType = sourcecode.c.objc; path = GroceryList.m; sourceTree = "<group>"; };
/* End PBXFileReference section */

/* Begin PBXFrameworksBuildPhase section */
		3F80A26B1A1FB610005FD707 /* Frameworks */ = {
			isa = PBXFrameworksBuildPhase;
			buildActionMask = 2147483647;
			files = (
				3F80A2B21A1FB6BD005FD707 /* UIKit.framework in Frameworks */,
				3F80A2B01A1FB6B7005FD707 /* SystemConfiguration.framework in Frameworks */,
				3F80A2AE1A1FB6AF005FD707 /* Security.framework in Frameworks */,
				3F80A2AC1A1FB6A9005FD707 /* MediaPlayer.framework in Frameworks */,
				3F80A2AA1A1FB6A1005FD707 /* CoreText.framework in Frameworks */,
				3F80A2A81A1FB69B005FD707 /* CoreGraphics.framework in Frameworks */,
				3F80A2A61A1FB693005FD707 /* CoreMotion.framework in Frameworks */,
				3F80A2A41A1FB68C005FD707 /* CoreLocation.framework in Frameworks */,
				3F80A2A21A1FB684005FD707 /* Foundation.framework in Frameworks */,
				3F80A2A01A1FB67F005FD707 /* AssetsLibrary.framework in Frameworks */,
				3F80A29E1A1FB673005FD707 /* AddressBook.framework in Frameworks */,
				3F80A29A1A1FB63E005FD707 /* GoogleOpenSource.framework in Frameworks */,
				3F80A29C1A1FB63E005FD707 /* GooglePlus.framework in Frameworks */,
				3F80A2B41A1FD4E9005FD707 /* FacebookSDK.framework in Frameworks */,
			);
			runOnlyForDeploymentPostprocessing = 0;
		};
		3F80A2841A1FB610005FD707 /* Frameworks */ = {
			isa = PBXFrameworksBuildPhase;
			buildActionMask = 2147483647;
			files = (
			);
			runOnlyForDeploymentPostprocessing = 0;
		};
/* End PBXFrameworksBuildPhase section */

/* Begin PBXGroup section */
		3F80A2651A1FB610005FD707 = {
			isa = PBXGroup;
			children = (
				3F80A2B31A1FD4E9005FD707 /* FacebookSDK.framework */,
				3F80A2B11A1FB6BD005FD707 /* UIKit.framework */,
				3F80A2AF1A1FB6B7005FD707 /* SystemConfiguration.framework */,
				3F80A2AD1A1FB6AF005FD707 /* Security.framework */,
				3F80A2AB1A1FB6A9005FD707 /* MediaPlayer.framework */,
				3F80A2A91A1FB6A1005FD707 /* CoreText.framework */,
				3F80A2A71A1FB69B005FD707 /* CoreGraphics.framework */,
				3F80A2A51A1FB693005FD707 /* CoreMotion.framework */,
				3F80A2A31A1FB68C005FD707 /* CoreLocation.framework */,
				3F80A2A11A1FB684005FD707 /* Foundation.framework */,
				3F80A29F1A1FB67F005FD707 /* AssetsLibrary.framework */,
				3F80A29D1A1FB673005FD707 /* AddressBook.framework */,
				3F80A2971A1FB63E005FD707 /* GoogleOpenSource.framework */,
				3F80A2981A1FB63E005FD707 /* GooglePlus.bundle */,
				3F80A2991A1FB63E005FD707 /* GooglePlus.framework */,
				3F80A2701A1FB610005FD707 /* NavProject */,
				3F80A28A1A1FB610005FD707 /* NavProjectTests */,
				3F80A26F1A1FB610005FD707 /* Products */,
			);
			sourceTree = "<group>";
		};
		3F80A26F1A1FB610005FD707 /* Products */ = {
			isa = PBXGroup;
			children = (
				3F80A26E1A1FB610005FD707 /* NavProject.app */,
				3F80A2871A1FB610005FD707 /* NavProjectTests.xctest */,
			);
			name = Products;
			sourceTree = "<group>";
		};
		3F80A2701A1FB610005FD707 /* NavProject */ = {
			isa = PBXGroup;
			children = (
				3F80A2751A1FB610005FD707 /* AppDelegate.h */,
				3F80A2761A1FB610005FD707 /* AppDelegate.m */,
				3F80A2781A1FB610005FD707 /* ViewController.h */,
				3F80A2791A1FB610005FD707 /* ViewController.m */,
				3F80A27B1A1FB610005FD707 /* Main.storyboard */,
				3F80A27E1A1FB610005FD707 /* Images.xcassets */,
				3F80A2801A1FB610005FD707 /* LaunchScreen.xib */,
				3FCEF7021A2E7BB7009B85BC /* GroceryList.h */,
				3FCEF7031A2E7BB7009B85BC /* GroceryList.m */,
				3FCEF6FC1A2E6F97009B85BC /* GroceryItem.h */,
				3FCEF6FD1A2E6F97009B85BC /* GroceryItem.m */,
				3FCEF6FF1A2E7AF5009B85BC /* Friend.h */,
				3FCEF7001A2E7AF5009B85BC /* Friend.m */,
				3F80A2711A1FB610005FD707 /* Supporting Files */,
			);
			path = NavProject;
			sourceTree = "<group>";
		};
		3F80A2711A1FB610005FD707 /* Supporting Files */ = {
			isa = PBXGroup;
			children = (
				3F80A2721A1FB610005FD707 /* Info.plist */,
				3F80A2731A1FB610005FD707 /* main.m */,
			);
			name = "Supporting Files";
			sourceTree = "<group>";
		};
		3F80A28A1A1FB610005FD707 /* NavProjectTests */ = {
			isa = PBXGroup;
			children = (
				3F80A28D1A1FB610005FD707 /* NavProjectTests.m */,
				3F80A28B1A1FB610005FD707 /* Supporting Files */,
			);
			path = NavProjectTests;
			sourceTree = "<group>";
		};
		3F80A28B1A1FB610005FD707 /* Supporting Files */ = {
			isa = PBXGroup;
			children = (
				3F80A28C1A1FB610005FD707 /* Info.plist */,
			);
			name = "Supporting Files";
			sourceTree = "<group>";
		};
/* End PBXGroup section */

/* Begin PBXNativeTarget section */
		3F80A26D1A1FB610005FD707 /* NavProject */ = {
			isa = PBXNativeTarget;
			buildConfigurationList = 3F80A2911A1FB610005FD707 /* Build configuration list for PBXNativeTarget "NavProject" */;
			buildPhases = (
				3F80A26A1A1FB610005FD707 /* Sources */,
				3F80A26B1A1FB610005FD707 /* Frameworks */,
				3F80A26C1A1FB610005FD707 /* Resources */,
			);
			buildRules = (
			);
			dependencies = (
			);
			name = NavProject;
			productName = NavProject;
			productReference = 3F80A26E1A1FB610005FD707 /* NavProject.app */;
			productType = "com.apple.product-type.application";
		};
		3F80A2861A1FB610005FD707 /* NavProjectTests */ = {
			isa = PBXNativeTarget;
			buildConfigurationList = 3F80A2941A1FB610005FD707 /* Build configuration list for PBXNativeTarget "NavProjectTests" */;
			buildPhases = (
				3F80A2831A1FB610005FD707 /* Sources */,
				3F80A2841A1FB610005FD707 /* Frameworks */,
				3F80A2851A1FB610005FD707 /* Resources */,
			);
			buildRules = (
			);
			dependencies = (
				3F80A2891A1FB610005FD707 /* PBXTargetDependency */,
			);
			name = NavProjectTests;
			productName = NavProjectTests;
			productReference = 3F80A2871A1FB610005FD707 /* NavProjectTests.xctest */;
			productType = "com.apple.product-type.bundle.unit-test";
		};
/* End PBXNativeTarget section */

/* Begin PBXProject section */
		3F80A2661A1FB610005FD707 /* Project object */ = {
			isa = PBXProject;
			attributes = {
				LastUpgradeCheck = 0610;
				ORGANIZATIONNAME = Kosplay;
				TargetAttributes = {
					3F80A26D1A1FB610005FD707 = {
						CreatedOnToolsVersion = 6.1;
					};
					3F80A2861A1FB610005FD707 = {
						CreatedOnToolsVersion = 6.1;
						TestTargetID = 3F80A26D1A1FB610005FD707;
					};
				};
			};
			buildConfigurationList = 3F80A2691A1FB610005FD707 /* Build configuration list for PBXProject "NavProject" */;
			compatibilityVersion = "Xcode 3.2";
			developmentRegion = English;
			hasScannedForEncodings = 0;
			knownRegions = (
				en,
				Base,
			);
			mainGroup = 3F80A2651A1FB610005FD707;
			productRefGroup = 3F80A26F1A1FB610005FD707 /* Products */;
			projectDirPath = "";
			projectRoot = "";
			targets = (
				3F80A26D1A1FB610005FD707 /* NavProject */,
				3F80A2861A1FB610005FD707 /* NavProjectTests */,
			);
		};
/* End PBXProject section */

/* Begin PBXResourcesBuildPhase section */
		3F80A26C1A1FB610005FD707 /* Resources */ = {
			isa = PBXResourcesBuildPhase;
			buildActionMask = 2147483647;
			files = (
				3F80A27D1A1FB610005FD707 /* Main.storyboard in Resources */,
				3F80A2821A1FB610005FD707 /* LaunchScreen.xib in Resources */,
				3F80A29B1A1FB63E005FD707 /* GooglePlus.bundle in Resources */,
				3F80A27F1A1FB610005FD707 /* Images.xcassets in Resources */,
			);
			runOnlyForDeploymentPostprocessing = 0;
		};
		3F80A2851A1FB610005FD707 /* Resources */ = {
			isa = PBXResourcesBuildPhase;
			buildActionMask = 2147483647;
			files = (
			);
			runOnlyForDeploymentPostprocessing = 0;
		};
/* End PBXResourcesBuildPhase section */

/* Begin PBXSourcesBuildPhase section */
		3F80A26A1A1FB610005FD707 /* Sources */ = {
			isa = PBXSourcesBuildPhase;
			buildActionMask = 2147483647;
			files = (
				3F80A27A1A1FB610005FD707 /* ViewController.m in Sources */,
				3FCEF6FE1A2E6F97009B85BC /* GroceryItem.m in Sources */,
				3F80A2771A1FB610005FD707 /* AppDelegate.m in Sources */,
				3FCEF7011A2E7AF5009B85BC /* Friend.m in Sources */,
				3F80A2741A1FB610005FD707 /* main.m in Sources */,
				3FCEF7041A2E7BB7009B85BC /* GroceryList.m in Sources */,
			);
			runOnlyForDeploymentPostprocessing = 0;
		};
		3F80A2831A1FB610005FD707 /* Sources */ = {
			isa = PBXSourcesBuildPhase;
			buildActionMask = 2147483647;
			files = (
				3F80A28E1A1FB610005FD707 /* NavProjectTests.m in Sources */,
			);
			runOnlyForDeploymentPostprocessing = 0;
		};
/* End PBXSourcesBuildPhase section */

/* Begin PBXTargetDependency section */
		3F80A2891A1FB610005FD707 /* PBXTargetDependency */ = {
			isa = PBXTargetDependency;
			target = 3F80A26D1A1FB610005FD707 /* NavProject */;
			targetProxy = 3F80A2881A1FB610005FD707 /* PBXContainerItemProxy */;
		};
/* End PBXTargetDependency section */

/* Begin PBXVariantGroup section */
		3F80A27B1A1FB610005FD707 /* Main.storyboard */ = {
			isa = PBXVariantGroup;
			children = (
				3F80A27C1A1FB610005FD707 /* Base */,
			);
			name = Main.storyboard;
			sourceTree = "<group>";
		};
		3F80A2801A1FB610005FD707 /* LaunchScreen.xib */ = {
			isa = PBXVariantGroup;
			children = (
				3F80A2811A1FB610005FD707 /* Base */,
			);
			name = LaunchScreen.xib;
			sourceTree = "<group>";
		};
/* End PBXVariantGroup section */

/* Begin XCBuildConfiguration section */
		3F80A28F1A1FB610005FD707 /* Debug */ = {
			isa = XCBuildConfiguration;
			buildSettings = {
				ALWAYS_SEARCH_USER_PATHS = NO;
				CLANG_CXX_LANGUAGE_STANDARD = "gnu++0x";
				CLANG_CXX_LIBRARY = "libc++";
				CLANG_ENABLE_MODULES = YES;
				CLANG_ENABLE_OBJC_ARC = YES;
				CLANG_WARN_BOOL_CONVERSION = YES;
				CLANG_WARN_CONSTANT_CONVERSION = YES;
				CLANG_WARN_DIRECT_OBJC_ISA_USAGE = YES_ERROR;
				CLANG_WARN_EMPTY_BODY = YES;
				CLANG_WARN_ENUM_CONVERSION = YES;
				CLANG_WARN_INT_CONVERSION = YES;
				CLANG_WARN_OBJC_ROOT_CLASS = YES_ERROR;
				CLANG_WARN_UNREACHABLE_CODE = YES;
				CLANG_WARN__DUPLICATE_METHOD_MATCH = YES;
				"CODE_SIGN_IDENTITY[sdk=iphoneos*]" = "iPhone Developer";
				COPY_PHASE_STRIP = NO;
				ENABLE_STRICT_OBJC_MSGSEND = YES;
				GCC_C_LANGUAGE_STANDARD = gnu99;
				GCC_DYNAMIC_NO_PIC = NO;
				GCC_OPTIMIZATION_LEVEL = 0;
				GCC_PREPROCESSOR_DEFINITIONS = (
					"DEBUG=1",
					"$(inherited)",
				);
				GCC_SYMBOLS_PRIVATE_EXTERN = NO;
				GCC_WARN_64_TO_32_BIT_CONVERSION = YES;
				GCC_WARN_ABOUT_RETURN_TYPE = YES_ERROR;
				GCC_WARN_UNDECLARED_SELECTOR = YES;
				GCC_WARN_UNINITIALIZED_AUTOS = YES_AGGRESSIVE;
				GCC_WARN_UNUSED_FUNCTION = YES;
				GCC_WARN_UNUSED_VARIABLE = YES;
				IPHONEOS_DEPLOYMENT_TARGET = 8.1;
				MTL_ENABLE_DEBUG_INFO = YES;
				ONLY_ACTIVE_ARCH = YES;
				SDKROOT = iphoneos;
				TARGETED_DEVICE_FAMILY = "1,2";
			};
			name = Debug;
		};
		3F80A2901A1FB610005FD707 /* Release */ = {
			isa = XCBuildConfiguration;
			buildSettings = {
				ALWAYS_SEARCH_USER_PATHS = NO;
				CLANG_CXX_LANGUAGE_STANDARD = "gnu++0x";
				CLANG_CXX_LIBRARY = "libc++";
				CLANG_ENABLE_MODULES = YES;
				CLANG_ENABLE_OBJC_ARC = YES;
				CLANG_WARN_BOOL_CONVERSION = YES;
				CLANG_WARN_CONSTANT_CONVERSION = YES;
				CLANG_WARN_DIRECT_OBJC_ISA_USAGE = YES_ERROR;
				CLANG_WARN_EMPTY_BODY = YES;
				CLANG_WARN_ENUM_CONVERSION = YES;
				CLANG_WARN_INT_CONVERSION = YES;
				CLANG_WARN_OBJC_ROOT_CLASS = YES_ERROR;
				CLANG_WARN_UNREACHABLE_CODE = YES;
				CLANG_WARN__DUPLICATE_METHOD_MATCH = YES;
				"CODE_SIGN_IDENTITY[sdk=iphoneos*]" = "iPhone Developer";
				COPY_PHASE_STRIP = YES;
				ENABLE_NS_ASSERTIONS = NO;
				ENABLE_STRICT_OBJC_MSGSEND = YES;
				GCC_C_LANGUAGE_STANDARD = gnu99;
				GCC_WARN_64_TO_32_BIT_CONVERSION = YES;
				GCC_WARN_ABOUT_RETURN_TYPE = YES_ERROR;
				GCC_WARN_UNDECLARED_SELECTOR = YES;
				GCC_WARN_UNINITIALIZED_AUTOS = YES_AGGRESSIVE;
				GCC_WARN_UNUSED_FUNCTION = YES;
				GCC_WARN_UNUSED_VARIABLE = YES;
				IPHONEOS_DEPLOYMENT_TARGET = 8.1;
				MTL_ENABLE_DEBUG_INFO = NO;
				SDKROOT = iphoneos;
				TARGETED_DEVICE_FAMILY = "1,2";
				VALIDATE_PRODUCT = YES;
			};
			name = Release;
		};
		3F80A2921A1FB610005FD707 /* Debug */ = {
			isa = XCBuildConfiguration;
			buildSettings = {
				ASSETCATALOG_COMPILER_APPICON_NAME = AppIcon;
				FRAMEWORK_SEARCH_PATHS = (
					"$(inherited)",
					"$(PROJECT_DIR)",
				);
				INFOPLIST_FILE = NavProject/Info.plist;
				LD_RUNPATH_SEARCH_PATHS = "$(inherited) @executable_path/Frameworks";
				OTHER_LDFLAGS = "-ObjC";
				PRODUCT_NAME = "$(TARGET_NAME)";
			};
			name = Debug;
		};
		3F80A2931A1FB610005FD707 /* Release */ = {
			isa = XCBuildConfiguration;
			buildSettings = {
				ASSETCATALOG_COMPILER_APPICON_NAME = AppIcon;
				FRAMEWORK_SEARCH_PATHS = (
					"$(inherited)",
					"$(PROJECT_DIR)",
				);
				INFOPLIST_FILE = NavProject/Info.plist;
				LD_RUNPATH_SEARCH_PATHS = "$(inherited) @executable_path/Frameworks";
				OTHER_LDFLAGS = "-ObjC";
				PRODUCT_NAME = "$(TARGET_NAME)";
			};
			name = Release;
		};
		3F80A2951A1FB610005FD707 /* Debug */ = {
			isa = XCBuildConfiguration;
			buildSettings = {
				BUNDLE_LOADER = "$(TEST_HOST)";
				FRAMEWORK_SEARCH_PATHS = (
					"$(SDKROOT)/Developer/Library/Frameworks",
					"$(inherited)",
				);
				GCC_PREPROCESSOR_DEFINITIONS = (
					"DEBUG=1",
					"$(inherited)",
				);
				INFOPLIST_FILE = NavProjectTests/Info.plist;
				LD_RUNPATH_SEARCH_PATHS = "$(inherited) @executable_path/Frameworks @loader_path/Frameworks";
				PRODUCT_NAME = "$(TARGET_NAME)";
				TEST_HOST = "$(BUILT_PRODUCTS_DIR)/NavProject.app/NavProject";
			};
			name = Debug;
		};
		3F80A2961A1FB610005FD707 /* Release */ = {
			isa = XCBuildConfiguration;
			buildSettings = {
				BUNDLE_LOADER = "$(TEST_HOST)";
				FRAMEWORK_SEARCH_PATHS = (
					"$(SDKROOT)/Developer/Library/Frameworks",
					"$(inherited)",
				);
				INFOPLIST_FILE = NavProjectTests/Info.plist;
				LD_RUNPATH_SEARCH_PATHS = "$(inherited) @executable_path/Frameworks @loader_path/Frameworks";
				PRODUCT_NAME = "$(TARGET_NAME)";
				TEST_HOST = "$(BUILT_PRODUCTS_DIR)/NavProject.app/NavProject";
			};
			name = Release;
		};
/* End XCBuildConfiguration section */

/* Begin XCConfigurationList section */
		3F80A2691A1FB610005FD707 /* Build configuration list for PBXProject "NavProject" */ = {
			isa = XCConfigurationList;
			buildConfigurations = (
				3F80A28F1A1FB610005FD707 /* Debug */,
				3F80A2901A1FB610005FD707 /* Release */,
			);
			defaultConfigurationIsVisible = 0;
			defaultConfigurationName = Release;
		};
		3F80A2911A1FB610005FD707 /* Build configuration list for PBXNativeTarget "NavProject" */ = {
			isa = XCConfigurationList;
			buildConfigurations = (
				3F80A2921A1FB610005FD707 /* Debug */,
				3F80A2931A1FB610005FD707 /* Release */,
			);
			defaultConfigurationIsVisible = 0;
			defaultConfigurationName = Release;
		};
		3F80A2941A1FB610005FD707 /* Build configuration list for PBXNativeTarget "NavProjectTests" */ = {
			isa = XCConfigurationList;
			buildConfigurations = (
				3F80A2951A1FB610005FD707 /* Debug */,
				3F80A2961A1FB610005FD707 /* Release */,
			);
			defaultConfigurationIsVisible = 0;
			defaultConfigurationName = Release;
		};
/* End XCConfigurationList section */
	};
	rootObject = 3F80A2661A1FB610005FD707 /* Project object */;
}
